
Microsoft Visual Studio Solution File, Format Version 12.00
# Visual Studio Version 17
VisualStudioVersion = 17.6.33815.320
MinimumVisualStudioVersion = 10.0.40219.1
Project("{FAE04EC0-301F-11D3-BF4B-00C04F79EFBC}") = "ImageProcessSuite", "ImageProcessSuite.csproj", "{926D97D0-CC83-4FFC-A1AA-87692A22EDC3}"
EndProject
Project("{8BC9CEB8-8B4A-11D0-8D11-00A0C91BC942}") = "imgTool", "..\imgTool\imgTool.vcxproj", "{ACBF4B95-7BF2-4713-BCE0-AD8F2AF6F11A}"
EndProject
Project("{8BC9CEB8-8B4A-11D0-8D11-00A0C91BC942}") = "ImageProcess", "ImageProcess\ImageProcess.vcxproj", "{4653AD64-682C-4645-A44C-2E4DE50B6BEC}"
EndProject
Global
	GlobalSection(SolutionConfigurationPlatforms) = preSolution
		Debug|Any CPU = Debug|Any CPU
		Debug|x64 = Debug|x64
		Debug|x86 = Debug|x86
		Release|Any CPU = Release|Any CPU
		Release|x64 = Release|x64
		Release|x86 = Release|x86
	EndGlobalSection
	GlobalSection(ProjectConfigurationPlatforms) = postSolution
		{926D97D0-CC83-4FFC-A1AA-87692A22EDC3}.Debug|Any CPU.ActiveCfg = Debug|x86
		{926D97D0-CC83-4FFC-A1AA-87692A22EDC3}.Debug|Any CPU.Build.0 = Debug|x86
		{926D97D0-CC83-4FFC-A1AA-87692A22EDC3}.Debug|x64.ActiveCfg = Debug|Any CPU
		{926D97D0-CC83-4FFC-A1AA-87692A22EDC3}.Debug|x64.Build.0 = Debug|Any CPU
		{926D97D0-CC83-4FFC-A1AA-87692A22EDC3}.Debug|x86.ActiveCfg = Debug|x86
		{926D97D0-CC83-4FFC-A1AA-87692A22EDC3}.Debug|x86.Build.0 = Debug|x86
		{926D97D0-CC83-4FFC-A1AA-87692A22EDC3}.Release|Any CPU.ActiveCfg = Release|Any CPU
		{926D97D0-CC83-4FFC-A1AA-87692A22EDC3}.Release|Any CPU.Build.0 = Release|Any CPU
		{926D97D0-CC83-4FFC-A1AA-87692A22EDC3}.Release|x64.ActiveCfg = Release|Any CPU
		{926D97D0-CC83-4FFC-A1AA-87692A22EDC3}.Release|x64.Build.0 = Release|Any CPU
		{926D97D0-CC83-4FFC-A1AA-87692A22EDC3}.Release|x86.ActiveCfg = Release|Any CPU
		{926D97D0-CC83-4FFC-A1AA-87692A22EDC3}.Release|x86.Build.0 = Release|Any CPU
		{ACBF4B95-7BF2-4713-BCE0-AD8F2AF6F11A}.Debug|Any CPU.ActiveCfg = Debug|Win32
		{ACBF4B95-7BF2-4713-BCE0-AD8F2AF6F11A}.Debug|Any CPU.Build.0 = Debug|Win32
		{ACBF4B95-7BF2-4713-BCE0-AD8F2AF6F11A}.Debug|x64.ActiveCfg = Debug|x64
		{ACBF4B95-7BF2-4713-BCE0-AD8F2AF6F11A}.Debug|x64.Build.0 = Debug|x64
		{ACBF4B95-7BF2-4713-BCE0-AD8F2AF6F11A}.Debug|x86.ActiveCfg = Debug|Win32
		{ACBF4B95-7BF2-4713-BCE0-AD8F2AF6F11A}.Debug|x86.Build.0 = Debug|Win32
		{ACBF4B95-7BF2-4713-BCE0-AD8F2AF6F11A}.Release|Any CPU.ActiveCfg = Release|x64
		{ACBF4B95-7BF2-4713-BCE0-AD8F2AF6F11A}.Release|Any CPU.Build.0 = Release|x64
		{ACBF4B95-7BF2-4713-BCE0-AD8F2AF6F11A}.Release|x64.ActiveCfg = Release|x64
		{ACBF4B95-7BF2-4713-BCE0-AD8F2AF6F11A}.Release|x64.Build.0 = Release|x64
		{ACBF4B95-7BF2-4713-BCE0-AD8F2AF6F11A}.Release|x86.ActiveCfg = Release|Win32
		{ACBF4B95-7BF2-4713-BCE0-AD8F2AF6F11A}.Release|x86.Build.0 = Release|Win32
		{4653AD64-682C-4645-A44C-2E4DE50B6BEC}.Debug|Any CPU.ActiveCfg = Debug|x64
		{4653AD64-682C-4645-A44C-2E4DE50B6BEC}.Debug|Any CPU.Build.0 = Debug|x64
		{4653AD64-682C-4645-A44C-2E4DE50B6BEC}.Debug|x64.ActiveCfg = Debug|x64
		{4653AD64-682C-4645-A44C-2E4DE50B6BEC}.Debug|x64.Build.0 = Debug|x64
		{4653AD64-682C-4645-A44C-2E4DE50B6BEC}.Debug|x86.ActiveCfg = Debug|Win32
		{4653AD64-682C-4645-A44C-2E4DE50B6BEC}.Debug|x86.Build.0 = Debug|Win32
		{4653AD64-682C-4645-A44C-2E4DE50B6BEC}.Release|Any CPU.ActiveCfg = Release|x64
		{4653AD64-682C-4645-A44C-2E4DE50B6BEC}.Release|Any CPU.Build.0 = Release|x64
		{4653AD64-682C-4645-A44C-2E4DE50B6BEC}.Release|x64.ActiveCfg = Release|x64
		{4653AD64-682C-4645-A44C-2E4DE50B6BEC}.Release|x64.Build.0 = Release|x64
		{4653AD64-682C-4645-A44C-2E4DE50B6BEC}.Release|x86.ActiveCfg = Release|Win32
		{4653AD64-682C-4645-A44C-2E4DE50B6BEC}.Release|x86.Build.0 = Release|Win32
	EndGlobalSection
	GlobalSection(SolutionProperties) = preSolution
		HideSolutionNode = FALSE
	EndGlobalSection
	GlobalSection(ExtensibilityGlobals) = postSolution
		SolutionGuid = {E3795ABE-3908-4E3F-95B3-FF868DD76368}
	EndGlobalSection
EndGlobal
